
Microsoft Visual Studio Solution File, Format Version 12.00
# Visual Studio Version 16
VisualStudioVersion = 16.0.29728.190
MinimumVisualStudioVersion = 10.0.40219.1
Project("{FAE04EC0-301F-11D3-BF4B-00C04F79EFBC}") = "Ladeskab", "Ladeskab\Ladeskab.csproj", "{F4E279B9-58BC-432E-97B8-83EDA4EC6515}"
EndProject
Project("{FAE04EC0-301F-11D3-BF4B-00C04F79EFBC}") = "Ladeskab.Unit.test", "Unittest\Ladeskab.Unit.test.csproj", "{A957190D-1046-4D4C-87D4-7775D770970F}"
EndProject
Global
	GlobalSection(SolutionConfigurationPlatforms) = preSolution
		Debug|Any CPU = Debug|Any CPU
		Release|Any CPU = Release|Any CPU
	EndGlobalSection
	GlobalSection(ProjectConfigurationPlatforms) = postSolution
		{F4E279B9-58BC-432E-97B8-83EDA4EC6515}.Debug|Any CPU.ActiveCfg = Debug|Any CPU
		{F4E279B9-58BC-432E-97B8-83EDA4EC6515}.Debug|Any CPU.Build.0 = Debug|Any CPU
		{F4E279B9-58BC-432E-97B8-83EDA4EC6515}.Release|Any CPU.ActiveCfg = Release|Any CPU
		{F4E279B9-58BC-432E-97B8-83EDA4EC6515}.Release|Any CPU.Build.0 = Release|Any CPU
		{A957190D-1046-4D4C-87D4-7775D770970F}.Debug|Any CPU.ActiveCfg = Debug|Any CPU
		{A957190D-1046-4D4C-87D4-7775D770970F}.Debug|Any CPU.Build.0 = Debug|Any CPU
		{A957190D-1046-4D4C-87D4-7775D770970F}.Release|Any CPU.ActiveCfg = Release|Any CPU
		{A957190D-1046-4D4C-87D4-7775D770970F}.Release|Any CPU.Build.0 = Release|Any CPU
	EndGlobalSection
	GlobalSection(SolutionProperties) = preSolution
		HideSolutionNode = FALSE
	EndGlobalSection
	GlobalSection(ExtensibilityGlobals) = postSolution
		SolutionGuid = {1CE73DB5-7B0F-4653-8E37-E038F5FD8C58}
	EndGlobalSection
EndGlobal
